
Microsoft Visual Studio Solution File, Format Version 12.00
# Visual Studio Version 16
VisualStudioVersion = 16.0.30128.74
MinimumVisualStudioVersion = 10.0.40219.1
Project("{9A19103F-16F7-4668-BE54-9A1E7A4F7556}") = "SymmetryDetection", "SymmetryDetection\SymmetryDetection.csproj", "{388723DD-2E6B-4C17-A4E1-1B5DDAD3E27F}"
EndProject
Project("{9A19103F-16F7-4668-BE54-9A1E7A4F7556}") = "SymmetryDetection.Test", "SymmetryDetection.Test\SymmetryDetection.Test.csproj", "{964DB709-F5F1-4C0A-97CF-599AF1ADDA76}"
EndProject
Project("{FAE04EC0-301F-11D3-BF4B-00C04F79EFBC}") = "SymmetryDetection.e2e", "SymmetryDetection.e2e\SymmetryDetection.e2e.csproj", "{6FC99B3F-3F8A-4D22-9198-AF7D56C7B799}"
EndProject
Global
	GlobalSection(SolutionConfigurationPlatforms) = preSolution
		Debug|Any CPU = Debug|Any CPU
		Release|Any CPU = Release|Any CPU
	EndGlobalSection
	GlobalSection(ProjectConfigurationPlatforms) = postSolution
		{388723DD-2E6B-4C17-A4E1-1B5DDAD3E27F}.Debug|Any CPU.ActiveCfg = Debug|Any CPU
		{388723DD-2E6B-4C17-A4E1-1B5DDAD3E27F}.Debug|Any CPU.Build.0 = Debug|Any CPU
		{388723DD-2E6B-4C17-A4E1-1B5DDAD3E27F}.Release|Any CPU.ActiveCfg = Release|Any CPU
		{388723DD-2E6B-4C17-A4E1-1B5DDAD3E27F}.Release|Any CPU.Build.0 = Release|Any CPU
		{964DB709-F5F1-4C0A-97CF-599AF1ADDA76}.Debug|Any CPU.ActiveCfg = Debug|Any CPU
		{964DB709-F5F1-4C0A-97CF-599AF1ADDA76}.Debug|Any CPU.Build.0 = Debug|Any CPU
		{964DB709-F5F1-4C0A-97CF-599AF1ADDA76}.Release|Any CPU.ActiveCfg = Release|Any CPU
		{964DB709-F5F1-4C0A-97CF-599AF1ADDA76}.Release|Any CPU.Build.0 = Release|Any CPU
		{6FC99B3F-3F8A-4D22-9198-AF7D56C7B799}.Debug|Any CPU.ActiveCfg = Debug|Any CPU
		{6FC99B3F-3F8A-4D22-9198-AF7D56C7B799}.Debug|Any CPU.Build.0 = Debug|Any CPU
		{6FC99B3F-3F8A-4D22-9198-AF7D56C7B799}.Release|Any CPU.ActiveCfg = Release|Any CPU
		{6FC99B3F-3F8A-4D22-9198-AF7D56C7B799}.Release|Any CPU.Build.0 = Release|Any CPU
	EndGlobalSection
	GlobalSection(SolutionProperties) = preSolution
		HideSolutionNode = FALSE
	EndGlobalSection
	GlobalSection(ExtensibilityGlobals) = postSolution
		SolutionGuid = {6C5C1607-8411-4D49-AE73-BEA4919FDCB3}
	EndGlobalSection
EndGlobal
